// !$*UTF8*$!
{
	archiveVersion = 1;
	classes = {
	};
	objectVersion = 50;
	objects = {

/* Begin PBXBuildFile section */
		FA7C0C38228340A6006CA51E /* AppDelegate.swift in Sources */ = {isa = PBXBuildFile; fileRef = FA7C0C37228340A6006CA51E /* AppDelegate.swift */; };
		FA7C0C3A228340A6006CA51E /* ViewController.swift in Sources */ = {isa = PBXBuildFile; fileRef = FA7C0C39228340A6006CA51E /* ViewController.swift */; };
		FA7C0C3D228340A6006CA51E /* Main.storyboard in Resources */ = {isa = PBXBuildFile; fileRef = FA7C0C3B228340A6006CA51E /* Main.storyboard */; };
		FA7C0C3F228340A6006CA51E /* Assets.xcassets in Resources */ = {isa = PBXBuildFile; fileRef = FA7C0C3E228340A6006CA51E /* Assets.xcassets */; };
		FA7C0C42228340A6006CA51E /* LaunchScreen.storyboard in Resources */ = {isa = PBXBuildFile; fileRef = FA7C0C40228340A6006CA51E /* LaunchScreen.storyboard */; };
		FA7C0C4A228341B7006CA51E /* Color.swift in Sources */ = {isa = PBXBuildFile; fileRef = FA7C0C49228341B7006CA51E /* Color.swift */; };
		FA7C0C4C22834250006CA51E /* ColorTableViewController.swift in Sources */ = {isa = PBXBuildFile; fileRef = FA7C0C4B22834250006CA51E /* ColorTableViewController.swift */; };
/* End PBXBuildFile section */

/* Begin PBXFileReference section */
		FA7C0C34228340A6006CA51E /* clase.app */ = {isa = PBXFileReference; explicitFileType = wrapper.application; includeInIndex = 0; path = clase.app; sourceTree = BUILT_PRODUCTS_DIR; };
		FA7C0C37228340A6006CA51E /* AppDelegate.swift */ = {isa = PBXFileReference; lastKnownFileType = sourcecode.swift; path = AppDelegate.swift; sourceTree = "<group>"; };
		FA7C0C39228340A6006CA51E /* ViewController.swift */ = {isa = PBXFileReference; lastKnownFileType = sourcecode.swift; path = ViewController.swift; sourceTree = "<group>"; };
		FA7C0C3C228340A6006CA51E /* Base */ = {isa = PBXFileReference; lastKnownFileType = file.storyboard; name = Base; path = Base.lproj/Main.storyboard; sourceTree = "<group>"; };
		FA7C0C3E228340A6006CA51E /* Assets.xcassets */ = {isa = PBXFileReference; lastKnownFileType = folder.assetcatalog; path = Assets.xcassets; sourceTree = "<group>"; };
		FA7C0C41228340A6006CA51E /* Base */ = {isa = PBXFileReference; lastKnownFileType = file.storyboard; name = Base; path = Base.lproj/LaunchScreen.storyboard; sourceTree = "<group>"; };
		FA7C0C43228340A6006CA51E /* Info.plist */ = {isa = PBXFileReference; lastKnownFileType = text.plist.xml; path = Info.plist; sourceTree = "<group>"; };
		FA7C0C49228341B7006CA51E /* Color.swift */ = {isa = PBXFileReference; lastKnownFileType = sourcecode.swift; path = Color.swift; sourceTree = "<group>"; };
		FA7C0C4B22834250006CA51E /* ColorTableViewController.swift */ = {isa = PBXFileReference; lastKnownFileType = sourcecode.swift; path = ColorTableViewController.swift; sourceTree = "<group>"; };
/* End PBXFileReference section */

/* Begin PBXFrameworksBuildPhase section */
		FA7C0C31228340A6006CA51E /* Frameworks */ = {
			isa = PBXFrameworksBuildPhase;
			buildActionMask = 2147483647;
			files = (
			);
			runOnlyForDeploymentPostprocessing = 0;
		};
/* End PBXFrameworksBuildPhase section */

/* Begin PBXGroup section */
		FA7C0C2B228340A6006CA51E = {
			isa = PBXGroup;
			children = (
				FA7C0C36228340A6006CA51E /* clase */,
				FA7C0C35228340A6006CA51E /* Products */,
			);
			sourceTree = "<group>";
		};
		FA7C0C35228340A6006CA51E /* Products */ = {
			isa = PBXGroup;
			children = (
				FA7C0C34228340A6006CA51E /* clase.app */,
			);
			name = Products;
			sourceTree = "<group>";
		};
		FA7C0C36228340A6006CA51E /* clase */ = {
			isa = PBXGroup;
			children = (
				FA7C0C37228340A6006CA51E /* AppDelegate.swift */,
				FA7C0C39228340A6006CA51E /* ViewController.swift */,
				FA7C0C3B228340A6006CA51E /* Main.storyboard */,
				FA7C0C3E228340A6006CA51E /* Assets.xcassets */,
				FA7C0C40228340A6006CA51E /* LaunchScreen.storyboard */,
				FA7C0C43228340A6006CA51E /* Info.plist */,
				FA7C0C49228341B7006CA51E /* Color.swift */,
				FA7C0C4B22834250006CA51E /* ColorTableViewController.swift */,
			);
			path = clase;
			sourceTree = "<group>";
		};
/* End PBXGroup section */

/* Begin PBXNativeTarget section */
		FA7C0C33228340A6006CA51E /* clase */ = {
			isa = PBXNativeTarget;
			buildConfigurationList = FA7C0C46228340A6006CA51E /* Build configuration list for PBXNativeTarget "clase" */;
			buildPhases = (
				FA7C0C30228340A6006CA51E /* Sources */,
				FA7C0C31228340A6006CA51E /* Frameworks */,
				FA7C0C32228340A6006CA51E /* Resources */,
			);
			buildRules = (
			);
			dependencies = (
			);
			name = clase;
			productName = clase;
			productReference = FA7C0C34228340A6006CA51E /* clase.app */;
			productType = "com.apple.product-type.application";
		};
/* End PBXNativeTarget section */

/* Begin PBXProject section */
		FA7C0C2C228340A6006CA51E /* Project object */ = {
			isa = PBXProject;
			attributes = {
				LastSwiftUpdateCheck = 1020;
				LastUpgradeCheck = 1020;
				ORGANIZATIONNAME = ioslab;
				TargetAttributes = {
					FA7C0C33228340A6006CA51E = {
						CreatedOnToolsVersion = 10.2.1;
					};
				};
			};
			buildConfigurationList = FA7C0C2F228340A6006CA51E /* Build configuration list for PBXProject "clase" */;
			compatibilityVersion = "Xcode 9.3";
			developmentRegion = en;
			hasScannedForEncodings = 0;
			knownRegions = (
				en,
				Base,
			);
			mainGroup = FA7C0C2B228340A6006CA51E;
			productRefGroup = FA7C0C35228340A6006CA51E /* Products */;
			projectDirPath = "";
			projectRoot = "";
			targets = (
				FA7C0C33228340A6006CA51E /* clase */,
			);
		};
/* End PBXProject section */

/* Begin PBXResourcesBuildPhase section */
		FA7C0C32228340A6006CA51E /* Resources */ = {
			isa = PBXResourcesBuildPhase;
			buildActionMask = 2147483647;
			files = (
				FA7C0C42228340A6006CA51E /* LaunchScreen.storyboard in Resources */,
				FA7C0C3F228340A6006CA51E /* Assets.xcassets in Resources */,
				FA7C0C3D228340A6006CA51E /* Main.storyboard in Resources */,
			);
			runOnlyForDeploymentPostprocessing = 0;
		};
/* End PBXResourcesBuildPhase section */

/* Begin PBXSourcesBuildPhase section */
		FA7C0C30228340A6006CA51E /* Sources */ = {
			isa = PBXSourcesBuildPhase;
			buildActionMask = 2147483647;
			files = (
				FA7C0C3A228340A6006CA51E /* ViewController.swift in Sources */,
				FA7C0C38228340A6006CA51E /* AppDelegate.swift in Sources */,
				FA7C0C4A228341B7006CA51E /* Color.swift in Sources */,
				FA7C0C4C22834250006CA51E /* ColorTableViewController.swift in Sources */,
			);
			runOnlyForDeploymentPostprocessing = 0;
		};
/* End PBXSourcesBuildPhase section */

/* Begin PBXVariantGroup section */
		FA7C0C3B228340A6006CA51E /* Main.storyboard */ = {
			isa = PBXVariantGroup;
			children = (
				FA7C0C3C228340A6006CA51E /* Base */,
			);
			name = Main.storyboard;
			sourceTree = "<group>";
		};
		FA7C0C40228340A6006CA51E /* LaunchScreen.storyboard */ = {
			isa = PBXVariantGroup;
			children = (
				FA7C0C41228340A6006CA51E /* Base */,
			);
			name = LaunchScreen.storyboard;
			sourceTree = "<group>";
		};
/* End PBXVariantGroup section */

/* Begin XCBuildConfiguration section */
		FA7C0C44228340A6006CA51E /* Debug */ = {
			isa = XCBuildConfiguration;
			buildSettings = {
				ALWAYS_SEARCH_USER_PATHS = NO;
				CLANG_ANALYZER_NONNULL = YES;
				CLANG_ANALYZER_NUMBER_OBJECT_CONVERSION = YES_AGGRESSIVE;
				CLANG_CXX_LANGUAGE_STANDARD = "gnu++14";
				CLANG_CXX_LIBRARY = "libc++";
				CLANG_ENABLE_MODULES = YES;
				CLANG_ENABLE_OBJC_ARC = YES;
				CLANG_ENABLE_OBJC_WEAK = YES;
				CLANG_WARN_BLOCK_CAPTURE_AUTORELEASING = YES;
				CLANG_WARN_BOOL_CONVERSION = YES;
				CLANG_WARN_COMMA = YES;
				CLANG_WARN_CONSTANT_CONVERSION = YES;
				CLANG_WARN_DEPRECATED_OBJC_IMPLEMENTATIONS = YES;
				CLANG_WARN_DIRECT_OBJC_ISA_USAGE = YES_ERROR;
				CLANG_WARN_DOCUMENTATION_COMMENTS = YES;
				CLANG_WARN_EMPTY_BODY = YES;
				CLANG_WARN_ENUM_CONVERSION = YES;
				CLANG_WARN_INFINITE_RECURSION = YES;
				CLANG_WARN_INT_CONVERSION = YES;
				CLANG_WARN_NON_LITERAL_NULL_CONVERSION = YES;
				CLANG_WARN_OBJC_IMPLICIT_RETAIN_SELF = YES;
				CLANG_WARN_OBJC_LITERAL_CONVERSION = YES;
				CLANG_WARN_OBJC_ROOT_CLASS = YES_ERROR;
				CLANG_WARN_RANGE_LOOP_ANALYSIS = YES;
				CLANG_WARN_STRICT_PROTOTYPES = YES;
				CLANG_WARN_SUSPICIOUS_MOVE = YES;
				CLANG_WARN_UNGUARDED_AVAILABILITY = YES_AGGRESSIVE;
				CLANG_WARN_UNREACHABLE_CODE = YES;
				CLANG_WARN__DUPLICATE_METHOD_MATCH = YES;
				CODE_SIGN_IDENTITY = "iPhone Developer";
				COPY_PHASE_STRIP = NO;
				DEBUG_INFORMATION_FORMAT = dwarf;
				ENABLE_STRICT_OBJC_MSGSEND = YES;
				ENABLE_TESTABILITY = YES;
				GCC_C_LANGUAGE_STANDARD = gnu11;
				GCC_DYNAMIC_NO_PIC = NO;
				GCC_NO_COMMON_BLOCKS = YES;
				GCC_OPTIMIZATION_LEVEL = 0;
				GCC_PREPROCESSOR_DEFINITIONS = (
					"DEBUG=1",
					"$(inherited)",
				);
				GCC_WARN_64_TO_32_BIT_CONVERSION = YES;
				GCC_WARN_ABOUT_RETURN_TYPE = YES_ERROR;
				GCC_WARN_UNDECLARED_SELECTOR = YES;
				GCC_WARN_UNINITIALIZED_AUTOS = YES_AGGRESSIVE;
				GCC_WARN_UNUSED_FUNCTION = YES;
				GCC_WARN_UNUSED_VARIABLE = YES;
				IPHONEOS_DEPLOYMENT_TARGET = 12.2;
				MTL_ENABLE_DEBUG_INFO = INCLUDE_SOURCE;
				MTL_FAST_MATH = YES;
				ONLY_ACTIVE_ARCH = YES;
				SDKROOT = iphoneos;
				SWIFT_ACTIVE_COMPILATION_CONDITIONS = DEBUG;
				SWIFT_OPTIMIZATION_LEVEL = "-Onone";
			};
			name = Debug;
		};
		FA7C0C45228340A6006CA51E /* Release */ = {
			isa = XCBuildConfiguration;
			buildSettings = {
				ALWAYS_SEARCH_USER_PATHS = NO;
				CLANG_ANALYZER_NONNULL = YES;
				CLANG_ANALYZER_NUMBER_OBJECT_CONVERSION = YES_AGGRESSIVE;
				CLANG_CXX_LANGUAGE_STANDARD = "gnu++14";
				CLANG_CXX_LIBRARY = "libc++";
				CLANG_ENABLE_MODULES = YES;
				CLANG_ENABLE_OBJC_ARC = YES;
				CLANG_ENABLE_OBJC_WEAK = YES;
				CLANG_WARN_BLOCK_CAPTURE_AUTORELEASING = YES;
				CLANG_WARN_BOOL_CONVERSION = YES;
				CLANG_WARN_COMMA = YES;
				CLANG_WARN_CONSTANT_CONVERSION = YES;
				CLANG_WARN_DEPRECATED_OBJC_IMPLEMENTATIONS = YES;
				CLANG_WARN_DIRECT_OBJC_ISA_USAGE = YES_ERROR;
				CLANG_WARN_DOCUMENTATION_COMMENTS = YES;
				CLANG_WARN_EMPTY_BODY = YES;
				CLANG_WARN_ENUM_CONVERSION = YES;
				CLANG_WARN_INFINITE_RECURSION = YES;
				CLANG_WARN_INT_CONVERSION = YES;
				CLANG_WARN_NON_LITERAL_NULL_CONVERSION = YES;
				CLANG_WARN_OBJC_IMPLICIT_RETAIN_SELF = YES;
				CLANG_WARN_OBJC_LITERAL_CONVERSION = YES;
				CLANG_WARN_OBJC_ROOT_CLASS = YES_ERROR;
				CLANG_WARN_RANGE_LOOP_ANALYSIS = YES;
				CLANG_WARN_STRICT_PROTOTYPES = YES;
				CLANG_WARN_SUSPICIOUS_MOVE = YES;
				CLANG_WARN_UNGUARDED_AVAILABILITY = YES_AGGRESSIVE;
				CLANG_WARN_UNREACHABLE_CODE = YES;
				CLANG_WARN__DUPLICATE_METHOD_MATCH = YES;
				CODE_SIGN_IDENTITY = "iPhone Developer";
				COPY_PHASE_STRIP = NO;
				DEBUG_INFORMATION_FORMAT = "dwarf-with-dsym";
				ENABLE_NS_ASSERTIONS = NO;
				ENABLE_STRICT_OBJC_MSGSEND = YES;
				GCC_C_LANGUAGE_STANDARD = gnu11;
				GCC_NO_COMMON_BLOCKS = YES;
				GCC_WARN_64_TO_32_BIT_CONVERSION = YES;
				GCC_WARN_ABOUT_RETURN_TYPE = YES_ERROR;
				GCC_WARN_UNDECLARED_SELECTOR = YES;
				GCC_WARN_UNINITIALIZED_AUTOS = YES_AGGRESSIVE;
				GCC_WARN_UNUSED_FUNCTION = YES;
				GCC_WARN_UNUSED_VARIABLE = YES;
				IPHONEOS_DEPLOYMENT_TARGET = 12.2;
				MTL_ENABLE_DEBUG_INFO = NO;
				MTL_FAST_MATH = YES;
				SDKROOT = iphoneos;
				SWIFT_COMPILATION_MODE = wholemodule;
				SWIFT_OPTIMIZATION_LEVEL = "-O";
				VALIDATE_PRODUCT = YES;
			};
			name = Release;
		};
		FA7C0C47228340A6006CA51E /* Debug */ = {
			isa = XCBuildConfiguration;
			buildSettings = {
				ASSETCATALOG_COMPILER_APPICON_NAME = AppIcon;
				CODE_SIGN_STYLE = Automatic;
				DEVELOPMENT_TEAM = 7AL573L8LZ;
				INFOPLIST_FILE = clase/Info.plist;
				LD_RUNPATH_SEARCH_PATHS = (
					"$(inherited)",
					"@executable_path/Frameworks",
				);
				PRODUCT_BUNDLE_IDENTIFIER = ioslab.clase;
				PRODUCT_NAME = "$(TARGET_NAME)";
				SWIFT_VERSION = 5.0;
				TARGETED_DEVICE_FAMILY = "1,2";
			};
			name = Debug;
		};
		FA7C0C48228340A6006CA51E /* Release */ = {
			isa = XCBuildConfiguration;
			buildSettings = {
				ASSETCATALOG_COMPILER_APPICON_NAME = AppIcon;
				CODE_SIGN_STYLE = Automatic;
				DEVELOPMENT_TEAM = 7AL573L8LZ;
				INFOPLIST_FILE = clase/Info.plist;
				LD_RUNPATH_SEARCH_PATHS = (
					"$(inherited)",
					"@executable_path/Frameworks",
				);
				PRODUCT_BUNDLE_IDENTIFIER = ioslab.clase;
				PRODUCT_NAME = "$(TARGET_NAME)";
				SWIFT_VERSION = 5.0;
				TARGETED_DEVICE_FAMILY = "1,2";
			};
			name = Release;
		};
/* End XCBuildConfiguration section */

/* Begin XCConfigurationList section */
		FA7C0C2F228340A6006CA51E /* Build configuration list for PBXProject "clase" */ = {
			isa = XCConfigurationList;
			buildConfigurations = (
				FA7C0C44228340A6006CA51E /* Debug */,
				FA7C0C45228340A6006CA51E /* Release */,
			);
			defaultConfigurationIsVisible = 0;
			defaultConfigurationName = Release;
		};
		FA7C0C46228340A6006CA51E /* Build configuration list for PBXNativeTarget "clase" */ = {
			isa = XCConfigurationList;
			buildConfigurations = (
				FA7C0C47228340A6006CA51E /* Debug */,
				FA7C0C48228340A6006CA51E /* Release */,
			);
			defaultConfigurationIsVisible = 0;
			defaultConfigurationName = Release;
		};
/* End XCConfigurationList section */
	};
	rootObject = FA7C0C2C228340A6006CA51E /* Project object */;
}
